
Microsoft Visual Studio Solution File, Format Version 12.00
# Visual Studio Version 17
VisualStudioVersion = 17.4.33205.214
MinimumVisualStudioVersion = 10.0.40219.1
Project("{FAE04EC0-301F-11D3-BF4B-00C04F79EFBC}") = "Паттерны проектирования. Фабричный метод 20.03.2023", "Паттерны проектирования. Фабричный метод 20.03.2023.csproj", "{F9EED9C6-D044-4288-B672-CDC490648E2B}"
EndProject
Global
	GlobalSection(SolutionConfigurationPlatforms) = preSolution
		Debug|Any CPU = Debug|Any CPU
		Release|Any CPU = Release|Any CPU
	EndGlobalSection
	GlobalSection(ProjectConfigurationPlatforms) = postSolution
		{F9EED9C6-D044-4288-B672-CDC490648E2B}.Debug|Any CPU.ActiveCfg = Debug|Any CPU
		{F9EED9C6-D044-4288-B672-CDC490648E2B}.Debug|Any CPU.Build.0 = Debug|Any CPU
		{F9EED9C6-D044-4288-B672-CDC490648E2B}.Release|Any CPU.ActiveCfg = Release|Any CPU
		{F9EED9C6-D044-4288-B672-CDC490648E2B}.Release|Any CPU.Build.0 = Release|Any CPU
	EndGlobalSection
	GlobalSection(SolutionProperties) = preSolution
		HideSolutionNode = FALSE
	EndGlobalSection
	GlobalSection(ExtensibilityGlobals) = postSolution
		SolutionGuid = {C365D10A-8698-4723-BE42-D5F4352A2D2D}
	EndGlobalSection
EndGlobal
